# This file is automatically @generated by Poetry 1.8.2 and should not be changed by hand.

[[package]]
name = "modbus-tk"
version = "1.1.4"
description = "Implementation of modbus protocol in python"
optional = false
python-versions = "*"
files = [
    {file = "modbus_tk-1.1.4-py3-none-any.whl", hash = "sha256:e218ef96c7b5f4e9f83dce6f683e4b67f9be4a97935184427e6e14bdd3d3269c"},
    {file = "modbus_tk-1.1.4.tar.gz", hash = "sha256:68977766eb10469973dd56a2814bd981b85dd180b79043248786d88008f2593b"},
]

[package.dependencies]
pyserial = ">=3.1"

[[package]]
name = "pyserial"
version = "3.5"
description = "Python Serial Port Extension"
optional = false
python-versions = "*"
files = [
    {file = "pyserial-3.5-py2.py3-none-any.whl", hash = "sha256:c4451db6ba391ca6ca299fb3ec7bae67a5c55dde170964c7a14ceefec02f2cf0"},
    {file = "pyserial-3.5.tar.gz", hash = "sha256:3c77e014170dfffbd816e6ffc205e9842efb10be9f58ec16d3e8675b4925cddb"},
]

[package.extras]
cp2110 = ["hidapi"]

[metadata]
lock-version = "2.0"
python-versions = "^3.11"
content-hash = "23e93e46302fe6d3d42aea762d1c7299cc66d4931536877b77cb8dec1795812f"
